
Microsoft Visual Studio Solution File, Format Version 12.00
# Visual Studio Version 16
VisualStudioVersion = 16.0.31410.357
MinimumVisualStudioVersion = 10.0.40219.1
Project("{8BC9CEB8-8B4A-11D0-8D11-00A0C91BC942}") = "AddressBookManagementSystem", "AddressBookManagementSystem\AddressBookManagementSystem.vcxproj", "{5C63FF35-20E7-4751-8670-35D1A661C731}"
EndProject
Global
	GlobalSection(SolutionConfigurationPlatforms) = preSolution
		Debug|x64 = Debug|x64
		Debug|x86 = Debug|x86
		Release|x64 = Release|x64
		Release|x86 = Release|x86
	EndGlobalSection
	GlobalSection(ProjectConfigurationPlatforms) = postSolution
		{5C63FF35-20E7-4751-8670-35D1A661C731}.Debug|x64.ActiveCfg = Debug|x64
		{5C63FF35-20E7-4751-8670-35D1A661C731}.Debug|x64.Build.0 = Debug|x64
		{5C63FF35-20E7-4751-8670-35D1A661C731}.Debug|x86.ActiveCfg = Debug|Win32
		{5C63FF35-20E7-4751-8670-35D1A661C731}.Debug|x86.Build.0 = Debug|Win32
		{5C63FF35-20E7-4751-8670-35D1A661C731}.Release|x64.ActiveCfg = Release|x64
		{5C63FF35-20E7-4751-8670-35D1A661C731}.Release|x64.Build.0 = Release|x64
		{5C63FF35-20E7-4751-8670-35D1A661C731}.Release|x86.ActiveCfg = Release|Win32
		{5C63FF35-20E7-4751-8670-35D1A661C731}.Release|x86.Build.0 = Release|Win32
	EndGlobalSection
	GlobalSection(SolutionProperties) = preSolution
		HideSolutionNode = FALSE
	EndGlobalSection
	GlobalSection(ExtensibilityGlobals) = postSolution
		SolutionGuid = {1137616F-5C49-4845-A109-626F514E5678}
	EndGlobalSection
EndGlobal
